
Microsoft Visual Studio Solution File, Format Version 12.00
Project("{FAE04EC0-301F-11D3-BF4B-00C04F79EFBC}") = "CurrencyConverter.Models", "CurrencyConverter.Models\CurrencyConverter.Models.csproj", "{AA7BF233-062E-4617-8117-CBF259D1490C}"
EndProject
Project("{FAE04EC0-301F-11D3-BF4B-00C04F79EFBC}") = "CurrencyConverter.Service", "CurrencyConverter.Service\CurrencyConverter.Service.csproj", "{BAC1379A-B41F-4ACC-A111-15A5E0AD1F06}"
EndProject
Global
	GlobalSection(SolutionConfigurationPlatforms) = preSolution
		Debug|Any CPU = Debug|Any CPU
		Release|Any CPU = Release|Any CPU
	EndGlobalSection
	GlobalSection(ProjectConfigurationPlatforms) = postSolution
		{AA7BF233-062E-4617-8117-CBF259D1490C}.Debug|Any CPU.ActiveCfg = Debug|Any CPU
		{AA7BF233-062E-4617-8117-CBF259D1490C}.Debug|Any CPU.Build.0 = Debug|Any CPU
		{AA7BF233-062E-4617-8117-CBF259D1490C}.Release|Any CPU.ActiveCfg = Release|Any CPU
		{AA7BF233-062E-4617-8117-CBF259D1490C}.Release|Any CPU.Build.0 = Release|Any CPU
		{BAC1379A-B41F-4ACC-A111-15A5E0AD1F06}.Debug|Any CPU.ActiveCfg = Debug|Any CPU
		{BAC1379A-B41F-4ACC-A111-15A5E0AD1F06}.Debug|Any CPU.Build.0 = Debug|Any CPU
		{BAC1379A-B41F-4ACC-A111-15A5E0AD1F06}.Release|Any CPU.ActiveCfg = Release|Any CPU
		{BAC1379A-B41F-4ACC-A111-15A5E0AD1F06}.Release|Any CPU.Build.0 = Release|Any CPU
	EndGlobalSection
EndGlobal
